lockfileVersion: '6.0'

settings:
  autoInstallPeers: true
  excludeLinksFromLockfile: false

dependencies:
  '@fontsource/reenie-beanie':
    specifier: ^5.0.17
    version: 5.0.17

packages:

  /@fontsource/reenie-beanie@5.0.17:
    resolution: {integrity: sha512-cwSOjcwDa58wk3AeaawA9j1rvGuvNUaTRG3AV795lt3o/9GlFJnP7Y9YdaFtQA1Cn0BkN9jQU2Lq3nMnI/RUXw==}
    dev: false
